
Microsoft Visual Studio Solution File, Format Version 12.00
Project("{FAE04EC0-301F-11D3-BF4B-00C04F79EFBC}") = "NoSolo.Presentation", "NoSolo.Presentation\NoSolo.Presentation.csproj", "{7E54F971-E42D-4AE2-B0B7-2EF2742AD34C}"
EndProject
Project("{FAE04EC0-301F-11D3-BF4B-00C04F79EFBC}") = "NoSolo.Core", "NoSolo.Core\NoSolo.Core.csproj", "{3AC30E74-B5A6-4967-BF7C-7F40676D6D8A}"
EndProject
Project("{FAE04EC0-301F-11D3-BF4B-00C04F79EFBC}") = "NoSolo.Infrastructure", "NoSolo.Infrastructure\NoSolo.Infrastructure.csproj", "{DA840E0A-EB31-4432-A933-B56B9BE925F1}"
EndProject
Project("{FAE04EC0-301F-11D3-BF4B-00C04F79EFBC}") = "NoSolo.Abstractions.Data", "NoSolo.Abstractions.Data\NoSolo.Abstractions.Data.csproj", "{FF1B85E3-1E7F-4799-81EC-9A934C8E11E9}"
EndProject
Project("{FAE04EC0-301F-11D3-BF4B-00C04F79EFBC}") = "NoSolo.Abstractions.Services", "NoSolo.Abstractions.Services\NoSolo.Abstractions.Services.csproj", "{F7CE8FFF-C38D-457B-A11C-87BE936685EB}"
EndProject
Project("{FAE04EC0-301F-11D3-BF4B-00C04F79EFBC}") = "NoSolo.Abstractions.Repositories", "NoSolo.Abstractions.Repositories\NoSolo.Abstractions.Repositories.csproj", "{D3A6CA77-6300-475F-B985-89D8F082218C}"
EndProject
Global
	GlobalSection(SolutionConfigurationPlatforms) = preSolution
		Debug|Any CPU = Debug|Any CPU
		Release|Any CPU = Release|Any CPU
	EndGlobalSection
	GlobalSection(ProjectConfigurationPlatforms) = postSolution
		{7E54F971-E42D-4AE2-B0B7-2EF2742AD34C}.Debug|Any CPU.ActiveCfg = Debug|Any CPU
		{7E54F971-E42D-4AE2-B0B7-2EF2742AD34C}.Debug|Any CPU.Build.0 = Debug|Any CPU
		{7E54F971-E42D-4AE2-B0B7-2EF2742AD34C}.Release|Any CPU.ActiveCfg = Release|Any CPU
		{7E54F971-E42D-4AE2-B0B7-2EF2742AD34C}.Release|Any CPU.Build.0 = Release|Any CPU
		{3AC30E74-B5A6-4967-BF7C-7F40676D6D8A}.Debug|Any CPU.ActiveCfg = Debug|Any CPU
		{3AC30E74-B5A6-4967-BF7C-7F40676D6D8A}.Debug|Any CPU.Build.0 = Debug|Any CPU
		{3AC30E74-B5A6-4967-BF7C-7F40676D6D8A}.Release|Any CPU.ActiveCfg = Release|Any CPU
		{3AC30E74-B5A6-4967-BF7C-7F40676D6D8A}.Release|Any CPU.Build.0 = Release|Any CPU
		{DA840E0A-EB31-4432-A933-B56B9BE925F1}.Debug|Any CPU.ActiveCfg = Debug|Any CPU
		{DA840E0A-EB31-4432-A933-B56B9BE925F1}.Debug|Any CPU.Build.0 = Debug|Any CPU
		{DA840E0A-EB31-4432-A933-B56B9BE925F1}.Release|Any CPU.ActiveCfg = Release|Any CPU
		{DA840E0A-EB31-4432-A933-B56B9BE925F1}.Release|Any CPU.Build.0 = Release|Any CPU
		{FF1B85E3-1E7F-4799-81EC-9A934C8E11E9}.Debug|Any CPU.ActiveCfg = Debug|Any CPU
		{FF1B85E3-1E7F-4799-81EC-9A934C8E11E9}.Debug|Any CPU.Build.0 = Debug|Any CPU
		{FF1B85E3-1E7F-4799-81EC-9A934C8E11E9}.Release|Any CPU.ActiveCfg = Release|Any CPU
		{FF1B85E3-1E7F-4799-81EC-9A934C8E11E9}.Release|Any CPU.Build.0 = Release|Any CPU
		{F7CE8FFF-C38D-457B-A11C-87BE936685EB}.Debug|Any CPU.ActiveCfg = Debug|Any CPU
		{F7CE8FFF-C38D-457B-A11C-87BE936685EB}.Debug|Any CPU.Build.0 = Debug|Any CPU
		{F7CE8FFF-C38D-457B-A11C-87BE936685EB}.Release|Any CPU.ActiveCfg = Release|Any CPU
		{F7CE8FFF-C38D-457B-A11C-87BE936685EB}.Release|Any CPU.Build.0 = Release|Any CPU
		{D3A6CA77-6300-475F-B985-89D8F082218C}.Debug|Any CPU.ActiveCfg = Debug|Any CPU
		{D3A6CA77-6300-475F-B985-89D8F082218C}.Debug|Any CPU.Build.0 = Debug|Any CPU
		{D3A6CA77-6300-475F-B985-89D8F082218C}.Release|Any CPU.ActiveCfg = Release|Any CPU
		{D3A6CA77-6300-475F-B985-89D8F082218C}.Release|Any CPU.Build.0 = Release|Any CPU
	EndGlobalSection
EndGlobal
